
Microsoft Visual Studio Solution File, Format Version 12.00
# Visual Studio Version 17
VisualStudioVersion = 17.7.34009.444
MinimumVisualStudioVersion = 10.0.40219.1
Project("{FAE04EC0-301F-11D3-BF4B-00C04F79EFBC}") = "Picking Apart Expression Trees ConstExpression", "Picking Apart Expression Trees ConstExpression\Picking Apart Expression Trees ConstExpression.csproj", "{0F410DDF-B635-47A2-BBD4-218C41CB8774}"
EndProject
Global
	GlobalSection(SolutionConfigurationPlatforms) = preSolution
		Debug|Any CPU = Debug|Any CPU
		Release|Any CPU = Release|Any CPU
	EndGlobalSection
	GlobalSection(ProjectConfigurationPlatforms) = postSolution
		{0F410DDF-B635-47A2-BBD4-218C41CB8774}.Debug|Any CPU.ActiveCfg = Debug|Any CPU
		{0F410DDF-B635-47A2-BBD4-218C41CB8774}.Debug|Any CPU.Build.0 = Debug|Any CPU
		{0F410DDF-B635-47A2-BBD4-218C41CB8774}.Release|Any CPU.ActiveCfg = Release|Any CPU
		{0F410DDF-B635-47A2-BBD4-218C41CB8774}.Release|Any CPU.Build.0 = Release|Any CPU
	EndGlobalSection
	GlobalSection(SolutionProperties) = preSolution
		HideSolutionNode = FALSE
	EndGlobalSection
	GlobalSection(ExtensibilityGlobals) = postSolution
		SolutionGuid = {D5434018-FE59-496D-AF8C-01C1E21A6C3E}
	EndGlobalSection
EndGlobal
